# THIS IS AN AUTOGENERATED FILE. DO NOT EDIT THIS FILE DIRECTLY.
# yarn lockfile v1


"@hapi/accept@^5.0.1":
  version "5.0.2"
  resolved "https://registry.yarnpkg.com/@hapi/accept/-/accept-5.0.2.tgz#ab7043b037e68b722f93f376afb05e85c0699523"
  integrity sha512-CmzBx/bXUR8451fnZRuZAJRlzgm0Jgu5dltTX/bszmR2lheb9BpyN47Q1RbaGTsvFzn0PXAEs+lXDKfshccYZw==
  dependencies:
    "@hapi/boom" "9.x.x"
    "@hapi/hoek" "9.x.x"

"@hapi/ammo@^5.0.1":
  version "5.0.1"
  resolved "https://registry.yarnpkg.com/@hapi/ammo/-/ammo-5.0.1.tgz#9d34560f5c214eda563d838c01297387efaab490"
  integrity sha512-FbCNwcTbnQP4VYYhLNGZmA76xb2aHg9AMPiy18NZyWMG310P5KdFGyA9v2rm5ujrIny77dEEIkMOwl0Xv+fSSA==
  dependencies:
    "@hapi/hoek" "9.x.x"

"@hapi/b64@5.x.x":
  version "5.0.0"
  resolved "https://registry.yarnpkg.com/@hapi/b64/-/b64-5.0.0.tgz#b8210cbd72f4774985e78569b77e97498d24277d"
  integrity sha512-ngu0tSEmrezoiIaNGG6rRvKOUkUuDdf4XTPnONHGYfSGRmDqPZX5oJL6HAdKTo1UQHECbdB4OzhWrfgVppjHUw==
  dependencies:
    "@hapi/hoek" "9.x.x"

"@hapi/boom@9.x.x":
  version "9.1.4"
  resolved "https://registry.yarnpkg.com/@hapi/boom/-/boom-9.1.4.tgz#1f9dad367c6a7da9f8def24b4a986fc5a7bd9db6"
  integrity sha512-Ls1oH8jaN1vNsqcaHVYJrKmgMcKsC1wcp8bujvXrHaAqD2iDYq3HoOwsxwo09Cuda5R5nC0o0IxlrlTuvPuzSw==
  dependencies:
    "@hapi/hoek" "9.x.x"

"@hapi/boom@=9.1.0":
  version "9.1.0"
  resolved "https://registry.yarnpkg.com/@hapi/boom/-/boom-9.1.0.tgz#0d9517657a56ff1e0b42d0aca9da1b37706fec56"
  integrity sha512-4nZmpp4tXbm162LaZT45P7F7sgiem8dwAh2vHWT6XX24dozNjGMg6BvKCRvtCUcmcXqeMIUqWN8Rc5X8yKuROQ==
  dependencies:
    "@hapi/hoek" "9.x.x"

"@hapi/bounce@2.x.x":
  version "2.0.0"
  resolved "https://registry.yarnpkg.com/@hapi/bounce/-/bounce-2.0.0.tgz#e6ef56991c366b1e2738b2cd83b01354d938cf3d"
  integrity sha512-JesW92uyzOOyuzJKjoLHM1ThiOvHPOLDHw01YV8yh5nCso7sDwJho1h0Ad2N+E62bZyz46TG3xhAi/78Gsct6A==
  dependencies:
    "@hapi/boom" "9.x.x"
    "@hapi/hoek" "9.x.x"

"@hapi/bourne@2.x.x":
  version "2.1.0"
  resolved "https://registry.yarnpkg.com/@hapi/bourne/-/bourne-2.1.0.tgz#66aff77094dc3080bd5df44ec63881f2676eb020"
  integrity sha512-i1BpaNDVLJdRBEKeJWkVO6tYX6DMFBuwMhSuWqLsY4ufeTKGVuV5rBsUhxPayXqnnWHgXUAmWK16H/ykO5Wj4Q==

"@hapi/call@8.x.x":
  version "8.0.1"
  resolved "https://registry.yarnpkg.com/@hapi/call/-/call-8.0.1.tgz#9e64cd8ba6128eb5be6e432caaa572b1ed8cd7c0"
  integrity sha512-bOff6GTdOnoe5b8oXRV3lwkQSb/LAWylvDMae6RgEWWntd0SHtkYbQukDHKlfaYtVnSAgIavJ0kqszF/AIBb6g==
  dependencies:
    "@hapi/boom" "9.x.x"
    "@hapi/hoek" "9.x.x"

"@hapi/catbox-memory@5.x.x":
  version "5.0.1"
  resolved "https://registry.yarnpkg.com/@hapi/catbox-memory/-/catbox-memory-5.0.1.tgz#cb63fca0ded01d445a2573b38eb2688df67f70ac"
  integrity sha512-QWw9nOYJq5PlvChLWV8i6hQHJYfvdqiXdvTupJFh0eqLZ64Xir7mKNi96d5/ZMUAqXPursfNDIDxjFgoEDUqeQ==
  dependencies:
    "@hapi/boom" "9.x.x"
    "@hapi/hoek" "9.x.x"

"@hapi/catbox@^11.1.1":
  version "11.1.1"
  resolved "https://registry.yarnpkg.com/@hapi/catbox/-/catbox-11.1.1.tgz#d277e2d5023fd69cddb33d05b224ea03065fec0c"
  integrity sha512-u/8HvB7dD/6X8hsZIpskSDo4yMKpHxFd7NluoylhGrL6cUfYxdQPnvUp9YU2C6F9hsyBVLGulBd9vBN1ebfXOQ==
  dependencies:
    "@hapi/boom" "9.x.x"
    "@hapi/hoek" "9.x.x"
    "@hapi/podium" "4.x.x"
    "@hapi/validate" "1.x.x"

"@hapi/content@^5.0.2":
  version "5.0.2"
  resolved "https://registry.yarnpkg.com/@hapi/content/-/content-5.0.2.tgz#ae57954761de570392763e64cdd75f074176a804"
  integrity sha512-mre4dl1ygd4ZyOH3tiYBrOUBzV7Pu/EOs8VLGf58vtOEECWed8Uuw6B4iR9AN/8uQt42tB04qpVaMyoMQh0oMw==
  dependencies:
    "@hapi/boom" "9.x.x"

"@hapi/cryptiles@5.x.x":
  version "5.1.0"
  resolved "https://registry.yarnpkg.com/@hapi/cryptiles/-/cryptiles-5.1.0.tgz#655de4cbbc052c947f696148c83b187fc2be8f43"
  integrity sha512-fo9+d1Ba5/FIoMySfMqPBR/7Pa29J2RsiPrl7bkwo5W5o+AN1dAYQRi4SPrPwwVxVGKjgLOEWrsvt1BonJSfLA==
  dependencies:
    "@hapi/boom" "9.x.x"

"@hapi/file@2.x.x":
  version "2.0.0"
  resolved "https://registry.yarnpkg.com/@hapi/file/-/file-2.0.0.tgz#2ecda37d1ae9d3078a67c13b7da86e8c3237dfb9"
  integrity sha512-WSrlgpvEqgPWkI18kkGELEZfXr0bYLtr16iIN4Krh9sRnzBZN6nnWxHFxtsnP684wueEySBbXPDg/WfA9xJdBQ==

"@hapi/good@=9.0.1":
  version "9.0.1"
  resolved "https://registry.yarnpkg.com/@hapi/good/-/good-9.0.1.tgz#8469708337a4a269f4be368113b2151fe6bf2d2a"
  integrity sha512-zHSjw+LieqDgu5pXLUHqUJTMSgBKIdKHwxmXNoh9qVz+kSPQH463ol6OEBSTVdy0yQawKVI4eAyeqown++TpbA==
  dependencies:
    "@hapi/hoek" "9.x.x"
    "@hapi/oppsy" "3.x.x"
    "@hapi/validate" "1.x.x"
    pumpify "2.x.x"

"@hapi/hapi@=20.0.3":
  version "20.0.3"
  resolved "https://registry.yarnpkg.com/@hapi/hapi/-/hapi-20.0.3.tgz#e72cad460394e6d2c15f9c57abb5d3332dea27e3"
  integrity sha512-aqJVHVjoY3phiZsgsGjDRG15CoUNIs1azScqLZDOCZUSKYGTbzPi+K0QP+RUjUJ0m8L9dRuTZ27c8HKxG3wEhA==
  dependencies:
    "@hapi/accept" "^5.0.1"
    "@hapi/ammo" "^5.0.1"
    "@hapi/boom" "9.x.x"
    "@hapi/bounce" "2.x.x"
    "@hapi/call" "8.x.x"
    "@hapi/catbox" "^11.1.1"
    "@hapi/catbox-memory" "5.x.x"
    "@hapi/heavy" "^7.0.1"
    "@hapi/hoek" "9.x.x"
    "@hapi/mimos" "5.x.x"
    "@hapi/podium" "^4.1.1"
    "@hapi/shot" "^5.0.1"
    "@hapi/somever" "3.x.x"
    "@hapi/statehood" "^7.0.3"
    "@hapi/subtext" "^7.0.3"
    "@hapi/teamwork" "5.x.x"
    "@hapi/topo" "5.x.x"
    "@hapi/validate" "^1.1.0"

"@hapi/heavy@^7.0.1":
  version "7.0.1"
  resolved "https://registry.yarnpkg.com/@hapi/heavy/-/heavy-7.0.1.tgz#73315ae33b6e7682a0906b7a11e8ca70e3045874"
  integrity sha512-vJ/vzRQ13MtRzz6Qd4zRHWS3FaUc/5uivV2TIuExGTM9Qk+7Zzqj0e2G7EpE6KztO9SalTbiIkTh7qFKj/33cA==
  dependencies:
    "@hapi/boom" "9.x.x"
    "@hapi/hoek" "9.x.x"
    "@hapi/validate" "1.x.x"

"@hapi/hoek@9.x.x", "@hapi/hoek@^9.0.0", "@hapi/hoek@^9.0.4":
  version "9.2.1"
  resolved "https://registry.yarnpkg.com/@hapi/hoek/-/hoek-9.2.1.tgz#9551142a1980503752536b5050fd99f4a7f13b17"
  integrity sha512-gfta+H8aziZsm8pZa0vj04KO6biEiisppNgA1kbJvFrrWu9Vm7eaUEy76DIxsuTaWvti5fkJVhllWc6ZTE+Mdw==

"@hapi/iron@6.x.x":
  version "6.0.0"
  resolved "https://registry.yarnpkg.com/@hapi/iron/-/iron-6.0.0.tgz#ca3f9136cda655bdd6028de0045da0de3d14436f"
  integrity sha512-zvGvWDufiTGpTJPG1Y/McN8UqWBu0k/xs/7l++HVU535NLHXsHhy54cfEMdW7EjwKfbBfM9Xy25FmTiobb7Hvw==
  dependencies:
    "@hapi/b64" "5.x.x"
    "@hapi/boom" "9.x.x"
    "@hapi/bourne" "2.x.x"
    "@hapi/cryptiles" "5.x.x"
    "@hapi/hoek" "9.x.x"

"@hapi/mimos@5.x.x":
  version "5.0.0"
  resolved "https://registry.yarnpkg.com/@hapi/mimos/-/mimos-5.0.0.tgz#245c6c98b1cc2c13395755c730321b913de074eb"
  integrity sha512-EVS6wJYeE73InTlPWt+2e3Izn319iIvffDreci3qDNT+t3lA5ylJ0/SoTaID8e0TPNUkHUSsgJZXEmLHvoYzrA==
  dependencies:
    "@hapi/hoek" "9.x.x"
    mime-db "1.x.x"

"@hapi/nigel@4.x.x":
  version "4.0.2"
  resolved "https://registry.yarnpkg.com/@hapi/nigel/-/nigel-4.0.2.tgz#8f84ef4bca4fb03b2376463578f253b0b8e863c4"
  integrity sha512-ht2KoEsDW22BxQOEkLEJaqfpoKPXxi7tvabXy7B/77eFtOyG5ZEstfZwxHQcqAiZhp58Ae5vkhEqI03kawkYNw==
  dependencies:
    "@hapi/hoek" "^9.0.4"
    "@hapi/vise" "^4.0.0"

"@hapi/oppsy@3.x.x":
  version "3.0.0"
  resolved "https://registry.yarnpkg.com/@hapi/oppsy/-/oppsy-3.0.0.tgz#1ae397e200e86d0aa41055f103238ed8652947ca"
  integrity sha512-0kfUEAqIi21GzFVK2snMO07znMEBiXb+/pOx1dmgOO9TuvFstcfmHU5i56aDfiFP2DM5WzQCU2UWc2gK1lMDhQ==
  dependencies:
    "@hapi/hoek" "9.x.x"

"@hapi/pez@^5.0.1":
  version "5.0.3"
  resolved "https://registry.yarnpkg.com/@hapi/pez/-/pez-5.0.3.tgz#b75446e6fef8cbb16816573ab7da1b0522e7a2a1"
  integrity sha512-mpikYRJjtrbJgdDHG/H9ySqYqwJ+QU/D7FXsYciS9P7NYBXE2ayKDAy3H0ou6CohOCaxPuTV4SZ0D936+VomHA==
  dependencies:
    "@hapi/b64" "5.x.x"
    "@hapi/boom" "9.x.x"
    "@hapi/content" "^5.0.2"
    "@hapi/hoek" "9.x.x"
    "@hapi/nigel" "4.x.x"

"@hapi/podium@4.x.x", "@hapi/podium@^4.1.1":
  version "4.1.3"
  resolved "https://registry.yarnpkg.com/@hapi/podium/-/podium-4.1.3.tgz#91e20838fc2b5437f511d664aabebbb393578a26"
  integrity sha512-ljsKGQzLkFqnQxE7qeanvgGj4dejnciErYd30dbrYzUOF/FyS/DOF97qcrT3bhoVwCYmxa6PEMhxfCPlnUcD2g==
  dependencies:
    "@hapi/hoek" "9.x.x"
    "@hapi/teamwork" "5.x.x"
    "@hapi/validate" "1.x.x"

"@hapi/shot@^5.0.1":
  version "5.0.5"
  resolved "https://registry.yarnpkg.com/@hapi/shot/-/shot-5.0.5.tgz#a25c23d18973bec93c7969c51bf9579632a5bebd"
  integrity sha512-x5AMSZ5+j+Paa8KdfCoKh+klB78otxF+vcJR/IoN91Vo2e5ulXIW6HUsFTCU+4W6P/Etaip9nmdAx2zWDimB2A==
  dependencies:
    "@hapi/hoek" "9.x.x"
    "@hapi/validate" "1.x.x"

"@hapi/somever@3.x.x":
  version "3.0.1"
  resolved "https://registry.yarnpkg.com/@hapi/somever/-/somever-3.0.1.tgz#9961cd5bdbeb5bb1edc0b2acdd0bb424066aadcc"
  integrity sha512-4ZTSN3YAHtgpY/M4GOtHUXgi6uZtG9nEZfNI6QrArhK0XN/RDVgijlb9kOmXwCR5VclDSkBul9FBvhSuKXx9+w==
  dependencies:
    "@hapi/bounce" "2.x.x"
    "@hapi/hoek" "9.x.x"

"@hapi/statehood@^7.0.3":
  version "7.0.4"
  resolved "https://registry.yarnpkg.com/@hapi/statehood/-/statehood-7.0.4.tgz#6acb9d0817b5c657089356f7d9fd60af0bce4f41"
  integrity sha512-Fia6atroOVmc5+2bNOxF6Zv9vpbNAjEXNcUbWXavDqhnJDlchwUUwKS5LCi5mGtCTxRhUKKHwuxuBZJkmLZ7fw==
  dependencies:
    "@hapi/boom" "9.x.x"
    "@hapi/bounce" "2.x.x"
    "@hapi/bourne" "2.x.x"
    "@hapi/cryptiles" "5.x.x"
    "@hapi/hoek" "9.x.x"
    "@hapi/iron" "6.x.x"
    "@hapi/validate" "1.x.x"

"@hapi/subtext@^7.0.3":
  version "7.0.3"
  resolved "https://registry.yarnpkg.com/@hapi/subtext/-/subtext-7.0.3.tgz#f7440fc7c966858e1f39681e99eb6171c71e7abd"
  integrity sha512-CekDizZkDGERJ01C0+TzHlKtqdXZxzSWTOaH6THBrbOHnsr3GY+yiMZC+AfNCypfE17RaIakGIAbpL2Tk1z2+A==
  dependencies:
    "@hapi/boom" "9.x.x"
    "@hapi/bourne" "2.x.x"
    "@hapi/content" "^5.0.2"
    "@hapi/file" "2.x.x"
    "@hapi/hoek" "9.x.x"
    "@hapi/pez" "^5.0.1"
    "@hapi/wreck" "17.x.x"

"@hapi/teamwork@5.x.x":
  version "5.1.1"
  resolved "https://registry.yarnpkg.com/@hapi/teamwork/-/teamwork-5.1.1.tgz#4d2ba3cac19118a36c44bf49a3a47674de52e4e4"
  integrity sha512-1oPx9AE5TIv+V6Ih54RP9lTZBso3rP8j4Xhb6iSVwPXtAM+sDopl5TFMv5Paw73UnpZJ9gjcrTE1BXrWt9eQrg==

"@hapi/topo@5.x.x", "@hapi/topo@^5.0.0":
  version "5.1.0"
  resolved "https://registry.yarnpkg.com/@hapi/topo/-/topo-5.1.0.tgz#dc448e332c6c6e37a4dc02fd84ba8d44b9afb012"
  integrity sha512-foQZKJig7Ob0BMAYBfcJk8d77QtOe7Wo4ox7ff1lQYoNNAb6jwcY1ncdoy2e9wQZzvNy7ODZCYJkK8kzmcAnAg==
  dependencies:
    "@hapi/hoek" "^9.0.0"

"@hapi/validate@1.x.x", "@hapi/validate@^1.1.0":
  version "1.1.3"
  resolved "https://registry.yarnpkg.com/@hapi/validate/-/validate-1.1.3.tgz#f750a07283929e09b51aa16be34affb44e1931ad"
  integrity sha512-/XMR0N0wjw0Twzq2pQOzPBZlDzkekGcoCtzO314BpIEsbXdYGthQUbxgkGDf4nhk1+IPDAsXqWjMohRQYO06UA==
  dependencies:
    "@hapi/hoek" "^9.0.0"
    "@hapi/topo" "^5.0.0"

"@hapi/vise@^4.0.0":
  version "4.0.0"
  resolved "https://registry.yarnpkg.com/@hapi/vise/-/vise-4.0.0.tgz#c6a94fe121b94a53bf99e7489f7fcc74c104db02"
  integrity sha512-eYyLkuUiFZTer59h+SGy7hUm+qE9p+UemePTHLlIWppEd+wExn3Df5jO04bFQTm7nleF5V8CtuYQYb+VFpZ6Sg==
  dependencies:
    "@hapi/hoek" "9.x.x"

"@hapi/wreck@17.x.x":
  version "17.2.0"
  resolved "https://registry.yarnpkg.com/@hapi/wreck/-/wreck-17.2.0.tgz#a5b69b724fa8fa25550fb02f55c649becfc59f63"
  integrity sha512-pJ5kjYoRPYDv+eIuiLQqhGon341fr2bNIYZjuotuPJG/3Ilzr/XtI+JAp0A86E2bYfsS3zBPABuS2ICkaXFT8g==
  dependencies:
    "@hapi/boom" "9.x.x"
    "@hapi/bourne" "2.x.x"
    "@hapi/hoek" "9.x.x"

"@sideway/address@^4.1.0":
  version "4.1.4"
  resolved "https://registry.yarnpkg.com/@sideway/address/-/address-4.1.4.tgz#03dccebc6ea47fdc226f7d3d1ad512955d4783f0"
  integrity sha512-7vwq+rOHVWjyXxVlR76Agnvhy8I9rpzjosTESvmhNeXOXdZZB15Fl+TI9x1SiHZH5Jv2wTGduSxFDIaq0m3DUw==
  dependencies:
    "@hapi/hoek" "^9.0.0"

"@sideway/formula@^3.0.0":
  version "3.0.0"
  resolved "https://registry.yarnpkg.com/@sideway/formula/-/formula-3.0.0.tgz#fe158aee32e6bd5de85044be615bc08478a0a13c"
  integrity sha512-vHe7wZ4NOXVfkoRb8T5otiENVlT7a3IAiw7H5M2+GO+9CDgcVUUsX1zalAztCmwyOr2RUTGJdgB+ZvSVqmdHmg==

"@sideway/pinpoint@^2.0.0":
  version "2.0.0"
  resolved "https://registry.yarnpkg.com/@sideway/pinpoint/-/pinpoint-2.0.0.tgz#cff8ffadc372ad29fd3f78277aeb29e632cc70df"
  integrity sha512-RNiOoTPkptFtSVzQevY/yWtZwf/RxyVnPy/OcA9HBM3MlGDnBEYL5B41H0MTn0Uec8Hi+2qUtTfG2WWZBmMejQ==

ansicolors@~0.2.1:
  version "0.2.1"
  resolved "https://registry.yarnpkg.com/ansicolors/-/ansicolors-0.2.1.tgz#be089599097b74a5c9c4a84a0cdbcdb62bd87aef"
  integrity sha1-vgiVmQl7dKXJxKhKDNvNtivYeu8=

ansistyles@~0.1.1:
  version "0.1.3"
  resolved "https://registry.yarnpkg.com/ansistyles/-/ansistyles-0.1.3.tgz#5de60415bda071bb37127854c864f41b23254539"
  integrity sha1-XeYEFb2gcbs3EnhUyGT0GyMlRTk=

balanced-match@^1.0.0:
  version "1.0.2"
  resolved "https://registry.yarnpkg.com/balanced-match/-/balanced-match-1.0.2.tgz#e83e3a7e3f300b34cb9d87f615fa0cbf357690ee"
  integrity sha512-3oSeUO0TMV67hN1AmbXsK4yaqU7tjiHlbxRDZOpH0KW9+CeX4bRAaX0Anxt0tx2MrpRpWwQaPwIlISEJhYU5Pw==

brace-expansion@^1.1.7:
  version "1.1.11"
  resolved "https://registry.yarnpkg.com/brace-expansion/-/brace-expansion-1.1.11.tgz#3c7fcbf529d87226f3d2f52b966ff5271eb441dd"
  integrity sha512-iCuPHDFgrHX7H2vEI/5xpz07zSHB00TpugqhmYtVmMO6518mCuRMoOYFldEBl0g187ufozdaHgWKcYFb61qGiA==
  dependencies:
    balanced-match "^1.0.0"
    concat-map "0.0.1"

bunyan-format@=0.2.1:
  version "0.2.1"
  resolved "https://registry.yarnpkg.com/bunyan-format/-/bunyan-format-0.2.1.tgz#a4b3b0d80070a865279417269e3f00ff02fbcb47"
  integrity sha1-pLOw2ABwqGUnlBcmnj8A/wL7y0c=
  dependencies:
    ansicolors "~0.2.1"
    ansistyles "~0.1.1"
    xtend "~2.1.1"

bunyan@1.8.14:
  version "1.8.14"
  resolved "https://registry.yarnpkg.com/bunyan/-/bunyan-1.8.14.tgz#3d8c1afea7de158a5238c7cb8a66ab6b38dd45b4"
  integrity sha512-LlahJUxXzZLuw/hetUQJmRgZ1LF6+cr5TPpRj6jf327AsiIq2jhYEH4oqUUkVKTor+9w2BT3oxVwhzE5lw9tcg==
  optionalDependencies:
    dtrace-provider "~0.8"
    moment "^2.19.3"
    mv "~2"
    safe-json-stringify "~1"

bunyan@^1.8.12:
  version "1.8.15"
  resolved "https://registry.yarnpkg.com/bunyan/-/bunyan-1.8.15.tgz#8ce34ca908a17d0776576ca1b2f6cbd916e93b46"
  integrity sha512-0tECWShh6wUysgucJcBAoYegf3JJoZWibxdqhTm7OHPeT42qdjkZ29QCMcKwbgU1kiH+auSIasNRXMLWXafXig==
  optionalDependencies:
    dtrace-provider "~0.8"
    moment "^2.19.3"
    mv "~2"
    safe-json-stringify "~1"

concat-map@0.0.1:
  version "0.0.1"
  resolved "https://registry.yarnpkg.com/concat-map/-/concat-map-0.0.1.tgz#d8a96bd77fd68df7793a73036a3ba0d5405d477b"
  integrity sha1-2Klr13/Wjfd5OnMDajug1UBdR3s=

depd@~1.1.2:
  version "1.1.2"
  resolved "https://registry.yarnpkg.com/depd/-/depd-1.1.2.tgz#9bcd52e14c097763e749b274c4346ed2e560b5a9"
  integrity sha1-m81S4UwJd2PnSbJ0xDRu0uVgtak=

dtrace-provider@~0.8:
  version "0.8.8"
  resolved "https://registry.yarnpkg.com/dtrace-provider/-/dtrace-provider-0.8.8.tgz#2996d5490c37e1347be263b423ed7b297fb0d97e"
  integrity sha512-b7Z7cNtHPhH9EJhNNbbeqTcXB8LGFFZhq1PGgEvpeHlzd36bhbdTWoE/Ba/YguqpBSlAPKnARWhVlhunCMwfxg==
  dependencies:
    nan "^2.14.0"

duplexify@^4.1.1:
  version "4.1.2"
  resolved "https://registry.yarnpkg.com/duplexify/-/duplexify-4.1.2.tgz#18b4f8d28289132fa0b9573c898d9f903f81c7b0"
  integrity sha512-fz3OjcNCHmRP12MJoZMPglx8m4rrFP8rovnk4vT8Fs+aonZoCwGg10dSsQsfP/E62eZcPTMSMP6686fu9Qlqtw==
  dependencies:
    end-of-stream "^1.4.1"
    inherits "^2.0.3"
    readable-stream "^3.1.1"
    stream-shift "^1.0.0"

end-of-stream@^1.1.0, end-of-stream@^1.4.1:
  version "1.4.4"
  resolved "https://registry.yarnpkg.com/end-of-stream/-/end-of-stream-1.4.4.tgz#5ae64a5f45057baf3626ec14da0ca5e4b2431eb0"
  integrity sha512-+uw1inIHVPQoaVuHzRyXd21icM+cnt4CzD5rW+NC1wjOUSTOs+Te7FOv7AhN7vS9x/oIyhLP5PR1H+phQAHu5Q==
  dependencies:
    once "^1.4.0"

fast-safe-stringify@2.0.x:
  version "2.0.8"
  resolved "https://registry.yarnpkg.com/fast-safe-stringify/-/fast-safe-stringify-2.0.8.tgz#dc2af48c46cf712b683e849b2bbd446b32de936f"
  integrity sha512-lXatBjf3WPjmWD6DpIZxkeSsCOwqI0maYMpgDlx8g4U2qi4lbjA9oH/HD2a87G+KfsUmo5WbJFmqBZlPxtptag==

fast-safe-stringify@^2.0.3:
  version "2.1.1"
  resolved "https://registry.yarnpkg.com/fast-safe-stringify/-/fast-safe-stringify-2.1.1.tgz#c406a83b6e70d9e35ce3b30a81141df30aeba884"
  integrity sha512-W+KJc2dmILlPplD/H4K9l9LcAHAfPtP6BY84uVLXQ6Evcz9Lcg33Y2z1IVblT6xdY54PXYVHEv+0Wpq8Io6zkA==

glob@^6.0.1:
  version "6.0.4"
  resolved "https://registry.yarnpkg.com/glob/-/glob-6.0.4.tgz#0f08860f6a155127b2fadd4f9ce24b1aab6e4d22"
  integrity sha1-DwiGD2oVUSey+t1PnOJLGqtuTSI=
  dependencies:
    inflight "^1.0.4"
    inherits "2"
    minimatch "2 || 3"
    once "^1.3.0"
    path-is-absolute "^1.0.0"

good-bunyan@3.0.1:
  version "3.0.1"
  resolved "https://registry.yarnpkg.com/good-bunyan/-/good-bunyan-3.0.1.tgz#8bcfa72c8010c4ce3986aab30bec230b41feeedd"
  integrity sha512-zhux9w1Ux6uLobUYJWyOy4l8HFl6tYol+0yfDtAu2+V9RYZUSVL1RWz83fAjbcoVk4c1h2iQaBRh0EnnVUoOvQ==
  dependencies:
    bunyan "^1.8.12"
    fast-safe-stringify "^2.0.3"
    good-squeeze "^5.0.x"
    hoek "^5.0.3"
    joi "^13.1.2"

good-squeeze@^5.0.x:
  version "5.1.0"
  resolved "https://registry.yarnpkg.com/good-squeeze/-/good-squeeze-5.1.0.tgz#265f3e8be6081aa44c55d484d1af375e166752b9"
  integrity sha1-Jl8+i+YIGqRMVdSE0a83XhZnUrk=
  dependencies:
    fast-safe-stringify "2.0.x"
    hoek "4.2.x"

hoek@4.2.x:
  version "4.2.1"
  resolved "https://registry.yarnpkg.com/hoek/-/hoek-4.2.1.tgz#9634502aa12c445dd5a7c5734b572bb8738aacbb"
  integrity sha512-QLg82fGkfnJ/4iy1xZ81/9SIJiq1NGFUMGs6ParyjBZr6jW2Ufj/snDqTHixNlHdPNwN2RLVD0Pi3igeK9+JfA==

hoek@5.x.x, hoek@^5.0.3:
  version "5.0.4"
  resolved "https://registry.yarnpkg.com/hoek/-/hoek-5.0.4.tgz#0f7fa270a1cafeb364a4b2ddfaa33f864e4157da"
  integrity sha512-Alr4ZQgoMlnere5FZJsIyfIjORBqZll5POhDsF4q64dPuJR6rNxXdDxtHSQq8OXRurhmx+PWYEE8bXRROY8h0w==

hoek@6.x.x:
  version "6.1.3"
  resolved "https://registry.yarnpkg.com/hoek/-/hoek-6.1.3.tgz#73b7d33952e01fe27a38b0457294b79dd8da242c"
  integrity sha512-YXXAAhmF9zpQbC7LEcREFtXfGq5K1fmd+4PHkBq8NUqmzW3G+Dq10bI/i0KucLRwss3YYFQ0fSfoxBZYiGUqtQ==

http-errors@~1.8.0:
  version "1.8.1"
  resolved "https://registry.yarnpkg.com/http-errors/-/http-errors-1.8.1.tgz#7c3f28577cbc8a207388455dbd62295ed07bd68c"
  integrity sha512-Kpk9Sm7NmI+RHhnj6OIWDI1d6fIoFAtFt9RLaTMRlg/8w49juAStsrBgp0Dp4OdxdVbRIeKhtCUvoi/RuAhO4g==
  dependencies:
    depd "~1.1.2"
    inherits "2.0.4"
    setprototypeof "1.2.0"
    statuses ">= 1.5.0 < 2"
    toidentifier "1.0.1"

inflight@^1.0.4:
  version "1.0.6"
  resolved "https://registry.yarnpkg.com/inflight/-/inflight-1.0.6.tgz#49bd6331d7d02d0c09bc910a1075ba8165b56df9"
  integrity sha1-Sb1jMdfQLQwJvJEKEHW6gWW1bfk=
  dependencies:
    once "^1.3.0"
    wrappy "1"

inherits@2, inherits@2.0.4, inherits@^2.0.3:
  version "2.0.4"
  resolved "https://registry.yarnpkg.com/inherits/-/inherits-2.0.4.tgz#0fa2c64f932917c3433a0ded55363aae37416b7c"
  integrity sha512-k/vGaX4/Yla3WzyMCvTQOXYeIHvqOKtnqBduzTHpzpQZzAskKMhZ2K+EnBiSM9zGSoIFeMpXKxa4dYeZIQqewQ==

isemail@3.x.x:
  version "3.2.0"
  resolved "https://registry.yarnpkg.com/isemail/-/isemail-3.2.0.tgz#59310a021931a9fb06bbb51e155ce0b3f236832c"
  integrity sha512-zKqkK+O+dGqevc93KNsbZ/TqTUFd46MwWjYOoMrjIMZ51eU7DtQG3Wmd9SQQT7i7RVnuTPEiYEWHU3MSbxC1Tg==
  dependencies:
    punycode "2.x.x"

joi@17.3.0:
  version "17.3.0"
  resolved "https://registry.yarnpkg.com/joi/-/joi-17.3.0.tgz#f1be4a6ce29bc1716665819ac361dfa139fff5d2"
  integrity sha512-Qh5gdU6niuYbUIUV5ejbsMiiFmBdw8Kcp8Buj2JntszCkCfxJ9Cz76OtHxOZMPXrt5810iDIXs+n1nNVoquHgg==
  dependencies:
    "@hapi/hoek" "^9.0.0"
    "@hapi/topo" "^5.0.0"
    "@sideway/address" "^4.1.0"
    "@sideway/formula" "^3.0.0"
    "@sideway/pinpoint" "^2.0.0"

joi@^13.1.2:
  version "13.7.0"
  resolved "https://registry.yarnpkg.com/joi/-/joi-13.7.0.tgz#cfd85ebfe67e8a1900432400b4d03bbd93fb879f"
  integrity sha512-xuY5VkHfeOYK3Hdi91ulocfuFopwgbSORmIwzcwHKESQhC7w1kD5jaVSPnqDxS2I8t3RZ9omCKAxNwXN5zG1/Q==
  dependencies:
    hoek "5.x.x"
    isemail "3.x.x"
    topo "3.x.x"

mime-db@1.x.x:
  version "1.52.0"
  resolved "https://registry.yarnpkg.com/mime-db/-/mime-db-1.52.0.tgz#bbabcdc02859f4987301c856e3387ce5ec43bf70"
  integrity sha512-sPU4uV7dYlvtWJxwwxHD0PuihVNiE7TyAbQ5SWxDCB9mUYvOgroQOwYQQOKPJ8CIbE+1ETVlOoK1UC2nU3gYvg==

"minimatch@2 || 3":
  version "3.1.2"
  resolved "https://registry.yarnpkg.com/minimatch/-/minimatch-3.1.2.tgz#19cd194bfd3e428f049a70817c038d89ab4be35b"
  integrity sha512-J7p63hRiAjw1NDEww1W7i37+ByIrOWO5XQQAzZ3VOcL0PNybwpfmV/N05zFAzwQ9USyEcX6t3UO+K5aqBQOIHw==
  dependencies:
    brace-expansion "^1.1.7"

minimist@^1.2.6:
  version "1.2.6"
  resolved "https://registry.yarnpkg.com/minimist/-/minimist-1.2.6.tgz#8637a5b759ea0d6e98702cfb3a9283323c93af44"
  integrity sha512-Jsjnk4bw3YJqYzbdyBiNsPWHPfO++UGG749Cxs6peCu5Xg4nrena6OVxOYxrQTqww0Jmwt+Ref8rggumkTLz9Q==

mkdirp@~0.5.1:
  version "0.5.6"
  resolved "https://registry.yarnpkg.com/mkdirp/-/mkdirp-0.5.6.tgz#7def03d2432dcae4ba1d611445c48396062255f6"
  integrity sha512-FP+p8RB8OWpF3YZBCrP5gtADmtXApB5AMLn+vdyA+PyxCjrCs00mjyUozssO33cwDeT3wNGdLxJ5M//YqtHAJw==
  dependencies:
    minimist "^1.2.6"

moment@^2.19.3:
  version "2.29.3"
  resolved "https://registry.yarnpkg.com/moment/-/moment-2.29.3.tgz#edd47411c322413999f7a5940d526de183c031f3"
  integrity sha512-c6YRvhEo//6T2Jz/vVtYzqBzwvPT95JBQ+smCytzf7c50oMZRsR/a4w88aD34I+/QVSfnoAnSBFPJHItlOMJVw==

multiparty@4.2.2:
  version "4.2.2"
  resolved "https://registry.yarnpkg.com/multiparty/-/multiparty-4.2.2.tgz#bee5fb5737247628d39dab4979ffd6d57bf60ef6"
  integrity sha512-NtZLjlvsjcoGrzojtwQwn/Tm90aWJ6XXtPppYF4WmOk/6ncdwMMKggFY2NlRRN9yiCEIVxpOfPWahVEG2HAG8Q==
  dependencies:
    http-errors "~1.8.0"
    safe-buffer "5.2.1"
    uid-safe "2.1.5"

mv@~2:
  version "2.1.1"
  resolved "https://registry.yarnpkg.com/mv/-/mv-2.1.1.tgz#ae6ce0d6f6d5e0a4f7d893798d03c1ea9559b6a2"
  integrity sha1-rmzg1vbV4KT32JN5jQPB6pVZtqI=
  dependencies:
    mkdirp "~0.5.1"
    ncp "~2.0.0"
    rimraf "~2.4.0"

nan@^2.14.0:
  version "2.15.0"
  resolved "https://registry.yarnpkg.com/nan/-/nan-2.15.0.tgz#3f34a473ff18e15c1b5626b62903b5ad6e665fee"
  integrity sha512-8ZtvEnA2c5aYCZYd1cvgdnU6cqwixRoYg70xPLWUws5ORTa/lnw+u4amixRS/Ac5U5mQVgp9pnlSUnbNWFaWZQ==

ncp@~2.0.0:
  version "2.0.0"
  resolved "https://registry.yarnpkg.com/ncp/-/ncp-2.0.0.tgz#195a21d6c46e361d2fb1281ba38b91e9df7bdbb3"
  integrity sha1-GVoh1sRuNh0vsSgbo4uR6d9727M=

object-keys@~0.4.0:
  version "0.4.0"
  resolved "https://registry.yarnpkg.com/object-keys/-/object-keys-0.4.0.tgz#28a6aae7428dd2c3a92f3d95f21335dd204e0336"
  integrity sha1-KKaq50KN0sOpLz2V8hM13SBOAzY=

once@^1.3.0, once@^1.3.1, once@^1.4.0:
  version "1.4.0"
  resolved "https://registry.yarnpkg.com/once/-/once-1.4.0.tgz#583b1aa775961d4b113ac17d9c50baef9dd76bd1"
  integrity sha1-WDsap3WWHUsROsF9nFC6753Xa9E=
  dependencies:
    wrappy "1"

path-is-absolute@^1.0.0:
  version "1.0.1"
  resolved "https://registry.yarnpkg.com/path-is-absolute/-/path-is-absolute-1.0.1.tgz#174b9268735534ffbc7ace6bf53a5a9e1b5c5f5f"
  integrity sha1-F0uSaHNVNP+8es5r9TpanhtcX18=

pump@^3.0.0:
  version "3.0.0"
  resolved "https://registry.yarnpkg.com/pump/-/pump-3.0.0.tgz#b4a2116815bde2f4e1ea602354e8c75565107a64"
  integrity sha512-LwZy+p3SFs1Pytd/jYct4wpv49HiYCqd9Rlc5ZVdk0V+8Yzv6jR5Blk3TRmPL1ft69TxP0IMZGJ+WPFU2BFhww==
  dependencies:
    end-of-stream "^1.1.0"
    once "^1.3.1"

pumpify@2.x.x:
  version "2.0.1"
  resolved "https://registry.yarnpkg.com/pumpify/-/pumpify-2.0.1.tgz#abfc7b5a621307c728b551decbbefb51f0e4aa1e"
  integrity sha512-m7KOje7jZxrmutanlkS1daj1dS6z6BgslzOXmcSEpIlCxM3VJH7lG5QLeck/6hgF6F4crFf01UtQmNsJfweTAw==
  dependencies:
    duplexify "^4.1.1"
    inherits "^2.0.3"
    pump "^3.0.0"

punycode@2.x.x:
  version "2.1.1"
  resolved "https://registry.yarnpkg.com/punycode/-/punycode-2.1.1.tgz#b58b010ac40c22c5657616c8d2c2c02c7bf479ec"
  integrity sha512-XRsRjdf+j5ml+y/6GKHPZbrF/8p2Yga0JPtdqTIY2Xe5ohJPD9saDJJLPvp9+NSBprVvevdXZybnj2cv8OEd0A==

random-bytes@~1.0.0:
  version "1.0.0"
  resolved "https://registry.yarnpkg.com/random-bytes/-/random-bytes-1.0.0.tgz#4f68a1dc0ae58bd3fb95848c30324db75d64360b"
  integrity sha1-T2ih3Arli9P7lYSMMDJNt11kNgs=

readable-stream@^3.1.1:
  version "3.6.0"
  resolved "https://registry.yarnpkg.com/readable-stream/-/readable-stream-3.6.0.tgz#337bbda3adc0706bd3e024426a286d4b4b2c9198"
  integrity sha512-BViHy7LKeTz4oNnkcLJ+lVSL6vpiFeX6/d3oSH8zCW7UxP2onchk+vTGB143xuFjHS3deTgkKoXXymXqymiIdA==
  dependencies:
    inherits "^2.0.3"
    string_decoder "^1.1.1"
    util-deprecate "^1.0.1"

rimraf@~2.4.0:
  version "2.4.5"
  resolved "https://registry.yarnpkg.com/rimraf/-/rimraf-2.4.5.tgz#ee710ce5d93a8fdb856fb5ea8ff0e2d75934b2da"
  integrity sha1-7nEM5dk6j9uFb7Xqj/Di11k0sto=
  dependencies:
    glob "^6.0.1"

safe-buffer@5.2.1, safe-buffer@~5.2.0:
  version "5.2.1"
  resolved "https://registry.yarnpkg.com/safe-buffer/-/safe-buffer-5.2.1.tgz#1eaf9fa9bdb1fdd4ec75f58f9cdb4e6b7827eec6"
  integrity sha512-rp3So07KcdmmKbGvgaNxQSJr7bGVSVk5S9Eq1F+ppbRo70+YeaDxkw5Dd8NPN+GD6bjnYm2VuPuCXmpuYvmCXQ==

safe-json-stringify@~1:
  version "1.2.0"
  resolved "https://registry.yarnpkg.com/safe-json-stringify/-/safe-json-stringify-1.2.0.tgz#356e44bc98f1f93ce45df14bcd7c01cda86e0afd"
  integrity sha512-gH8eh2nZudPQO6TytOvbxnuhYBOvDBBLW52tz5q6X58lJcd/tkmqFR+5Z9adS8aJtURSXWThWy/xJtJwixErvg==

setprototypeof@1.2.0:
  version "1.2.0"
  resolved "https://registry.yarnpkg.com/setprototypeof/-/setprototypeof-1.2.0.tgz#66c9a24a73f9fc28cbe66b09fed3d33dcaf1b424"
  integrity sha512-E5LDX7Wrp85Kil5bhZv46j8jOeboKq5JMmYM3gVGdGH8xFpPWXUMsNrlODCrkoxMEeNi/XZIwuRvY4XNwYMJpw==

"statuses@>= 1.5.0 < 2":
  version "1.5.0"
  resolved "https://registry.yarnpkg.com/statuses/-/statuses-1.5.0.tgz#161c7dac177659fd9811f43771fa99381478628c"
  integrity sha1-Fhx9rBd2Wf2YEfQ3cfqZOBR4Yow=

stream-shift@^1.0.0:
  version "1.0.1"
  resolved "https://registry.yarnpkg.com/stream-shift/-/stream-shift-1.0.1.tgz#d7088281559ab2778424279b0877da3c392d5a3d"
  integrity sha512-AiisoFqQ0vbGcZgQPY1cdP2I76glaVA/RauYR4G4thNFgkTqr90yXTo4LYX60Jl+sIlPNHHdGSwo01AvbKUSVQ==

string_decoder@^1.1.1:
  version "1.3.0"
  resolved "https://registry.yarnpkg.com/string_decoder/-/string_decoder-1.3.0.tgz#42f114594a46cf1a8e30b0a84f56c78c3edac21e"
  integrity sha512-hkRX8U1WjJFd8LsDJ2yQ/wWWxaopEsABU1XfkM8A+j0+85JAGppt16cr1Whg6KIbb4okU6Mql6BOj+uup/wKeA==
  dependencies:
    safe-buffer "~5.2.0"

toidentifier@1.0.1:
  version "1.0.1"
  resolved "https://registry.yarnpkg.com/toidentifier/-/toidentifier-1.0.1.tgz#3be34321a88a820ed1bd80dfaa33e479fbb8dd35"
  integrity sha512-o5sSPKEkg/DIQNmH43V0/uerLrpzVedkUh8tGNvaeXpfpuwjKenlSox/2O/BTlZUtEe+JG7s5YhEz608PlAHRA==

topo@3.x.x:
  version "3.0.3"
  resolved "https://registry.yarnpkg.com/topo/-/topo-3.0.3.tgz#d5a67fb2e69307ebeeb08402ec2a2a6f5f7ad95c"
  integrity sha512-IgpPtvD4kjrJ7CRA3ov2FhWQADwv+Tdqbsf1ZnPUSAtCJ9e1Z44MmoSGDXGk4IppoZA7jd/QRkNddlLJWlUZsQ==
  dependencies:
    hoek "6.x.x"

uid-safe@2.1.5:
  version "2.1.5"
  resolved "https://registry.yarnpkg.com/uid-safe/-/uid-safe-2.1.5.tgz#2b3d5c7240e8fc2e58f8aa269e5ee49c0857bd3a"
  integrity sha512-KPHm4VL5dDXKz01UuEd88Df+KzynaohSL9fBh096KWAxSKZQDI2uBrVqtvRM4rwrIrRRKsdLNML/lnaaVSRioA==
  dependencies:
    random-bytes "~1.0.0"

util-deprecate@^1.0.1:
  version "1.0.2"
  resolved "https://registry.yarnpkg.com/util-deprecate/-/util-deprecate-1.0.2.tgz#450d4dc9fa70de732762fbd2d4a28981419a0ccf"
  integrity sha1-RQ1Nyfpw3nMnYvvS1KKJgUGaDM8=

uuid@8.3.2:
  version "8.3.2"
  resolved "https://registry.yarnpkg.com/uuid/-/uuid-8.3.2.tgz#80d5b5ced271bb9af6c445f21a1a04c606cefbe2"
  integrity sha512-+NYs2QeMWy+GWFOEm9xnn6HCDp0l7QBD7ml8zLUmJ+93Q5NF0NocErnwkTkXVFNiX3/fpC6afS8Dhb/gz7R7eg==

wrappy@1:
  version "1.0.2"
  resolved "https://registry.yarnpkg.com/wrappy/-/wrappy-1.0.2.tgz#b5243d8f3ec1aa35f1364605bc0d1036e30ab69f"
  integrity sha1-tSQ9jz7BqjXxNkYFvA0QNuMKtp8=

xtend@~2.1.1:
  version "2.1.2"
  resolved "https://registry.yarnpkg.com/xtend/-/xtend-2.1.2.tgz#6efecc2a4dad8e6962c4901b337ce7ba87b5d28b"
  integrity sha1-bv7MKk2tjmlixJAbM3znuoe10os=
  dependencies:
    object-keys "~0.4.0"
